// !$*UTF8*$!
{
	archiveVersion = 1;
	classes = {
	};
	objectVersion = 56;
	objects = {

/* Begin PBXBuildFile section */
		CE4634DE2BF937320063142E /* JobsSidebar.swift in Sources */ = {isa = PBXBuildFile; fileRef = CE4634DD2BF937320063142E /* JobsSidebar.swift */; };
		CE4634E02BF963210063142E /* BaseJob.swift in Sources */ = {isa = PBXBuildFile; fileRef = CE4634DF2BF963210063142E /* BaseJob.swift */; };
		CE4634E22BF97A180063142E /* JobOutputView.swift in Sources */ = {isa = PBXBuildFile; fileRef = CE4634E12BF97A180063142E /* JobOutputView.swift */; };
		CE4634E52BFA5F890063142E /* SimpleProcess.swift in Sources */ = {isa = PBXBuildFile; fileRef = CE4634E42BFA5F890063142E /* SimpleProcess.swift */; };
		CE4634E72BFA6A050063142E /* JobsSidebarItem.swift in Sources */ = {isa = PBXBuildFile; fileRef = CE4634E62BFA6A050063142E /* JobsSidebarItem.swift */; };
		CE4634E92BFA71E10063142E /* brokegen-ollama-proxy in Resources */ = {isa = PBXBuildFile; fileRef = CE4634E82BFA71E10063142E /* brokegen-ollama-proxy */; };
		CE4634EB2BFA71E70063142E /* brokegen-server in Resources */ = {isa = PBXBuildFile; fileRef = CE4634EA2BFA71E70063142E /* brokegen-server */; };
		CE4634ED2BFAE3020063142E /* RestartableProcess.swift in Sources */ = {isa = PBXBuildFile; fileRef = CE4634EC2BFAE3020063142E /* RestartableProcess.swift */; };
		CE4634EF2BFAFA340063142E /* StayAwakeService.swift in Sources */ = {isa = PBXBuildFile; fileRef = CE4634EE2BFAFA340063142E /* StayAwakeService.swift */; };
		CE4634F22BFBB4730063142E /* ChatView.swift in Sources */ = {isa = PBXBuildFile; fileRef = CE4634F12BFBB4730063142E /* ChatView.swift */; };
		CE4634F42BFBB4900063142E /* ChatSyncService.swift in Sources */ = {isa = PBXBuildFile; fileRef = CE4634F32BFBB4900063142E /* ChatSyncService.swift */; };
		CE4634F62BFBB4D00063142E /* ChatsSidebar.swift in Sources */ = {isa = PBXBuildFile; fileRef = CE4634F52BFBB4D00063142E /* ChatsSidebar.swift */; };
		CE6D8A7F2BF6DF1800A7934D /* RibbonView.swift in Sources */ = {isa = PBXBuildFile; fileRef = CE6D8A7E2BF6DF1800A7934D /* RibbonView.swift */; };
		CE8229AF2BF7306000029DC2 /* JobsManagerService.swift in Sources */ = {isa = PBXBuildFile; fileRef = CE8229AE2BF7306000029DC2 /* JobsManagerService.swift */; };
		CE9867512BF4047C008D6C41 /* BrokegenApp.swift in Sources */ = {isa = PBXBuildFile; fileRef = CE9867502BF4047C008D6C41 /* BrokegenApp.swift */; };
		CE9867552BF4047E008D6C41 /* Assets.xcassets in Resources */ = {isa = PBXBuildFile; fileRef = CE9867542BF4047E008D6C41 /* Assets.xcassets */; };
		CE9867592BF4047E008D6C41 /* Preview Assets.xcassets in Resources */ = {isa = PBXBuildFile; fileRef = CE9867582BF4047E008D6C41 /* Preview Assets.xcassets */; };
		CE9867612BF414B3008D6C41 /* ManagedProcess.swift in Sources */ = {isa = PBXBuildFile; fileRef = CE9867602BF414B3008D6C41 /* ManagedProcess.swift */; };
		CE9867632BF41954008D6C41 /* AppView.swift in Sources */ = {isa = PBXBuildFile; fileRef = CE9867622BF41954008D6C41 /* AppView.swift */; };
		CE9867652BF41A3E008D6C41 /* PlaceholderContentView.swift in Sources */ = {isa = PBXBuildFile; fileRef = CE9867642BF41A3E008D6C41 /* PlaceholderContentView.swift */; };
		CECA47A82BF6D5B8007A28F2 /* System.swift in Sources */ = {isa = PBXBuildFile; fileRef = CECA47A72BF6D5B8007A28F2 /* System.swift */; };
		CECA47AA2BF6D62E007A28F2 /* SystemInfoView.swift in Sources */ = {isa = PBXBuildFile; fileRef = CECA47A92BF6D62E007A28F2 /* SystemInfoView.swift */; };
		CEFEB4762BFDA67400334522 /* SimplePing.swift in Sources */ = {isa = PBXBuildFile; fileRef = CEFEB4752BFDA67400334522 /* SimplePing.swift */; };
		CEFEB4782BFDA6C900334522 /* TimeJob.swift in Sources */ = {isa = PBXBuildFile; fileRef = CEFEB4772BFDA6C900334522 /* TimeJob.swift */; };
		CEFEB47B2BFDAABC00334522 /* AlamofireDynamic in Frameworks */ = {isa = PBXBuildFile; productRef = CEFEB47A2BFDAABC00334522 /* AlamofireDynamic */; };
		CEFEB47E2BFE399500334522 /* SwiftTerm in Frameworks */ = {isa = PBXBuildFile; productRef = CEFEB47D2BFE399500334522 /* SwiftTerm */; };
/* End PBXBuildFile section */

/* Begin PBXFileReference section */
		CE4634DD2BF937320063142E /* JobsSidebar.swift */ = {isa = PBXFileReference; lastKnownFileType = sourcecode.swift; path = JobsSidebar.swift; sourceTree = "<group>"; };
		CE4634DF2BF963210063142E /* BaseJob.swift */ = {isa = PBXFileReference; lastKnownFileType = sourcecode.swift; path = BaseJob.swift; sourceTree = "<group>"; };
		CE4634E12BF97A180063142E /* JobOutputView.swift */ = {isa = PBXFileReference; lastKnownFileType = sourcecode.swift; path = JobOutputView.swift; sourceTree = "<group>"; };
		CE4634E42BFA5F890063142E /* SimpleProcess.swift */ = {isa = PBXFileReference; lastKnownFileType = sourcecode.swift; path = SimpleProcess.swift; sourceTree = "<group>"; };
		CE4634E62BFA6A050063142E /* JobsSidebarItem.swift */ = {isa = PBXFileReference; lastKnownFileType = sourcecode.swift; path = JobsSidebarItem.swift; sourceTree = "<group>"; };
		CE4634E82BFA71E10063142E /* brokegen-ollama-proxy */ = {isa = PBXFileReference; lastKnownFileType = "compiled.mach-o.executable"; name = "brokegen-ollama-proxy"; path = "../dist/brokegen-ollama-proxy"; sourceTree = "<group>"; };
		CE4634EA2BFA71E70063142E /* brokegen-server */ = {isa = PBXFileReference; lastKnownFileType = "compiled.mach-o.executable"; name = "brokegen-server"; path = "../dist/brokegen-server"; sourceTree = "<group>"; };
		CE4634EC2BFAE3020063142E /* RestartableProcess.swift */ = {isa = PBXFileReference; lastKnownFileType = sourcecode.swift; path = RestartableProcess.swift; sourceTree = "<group>"; };
		CE4634EE2BFAFA340063142E /* StayAwakeService.swift */ = {isa = PBXFileReference; lastKnownFileType = sourcecode.swift; path = StayAwakeService.swift; sourceTree = "<group>"; };
		CE4634F12BFBB4730063142E /* ChatView.swift */ = {isa = PBXFileReference; lastKnownFileType = sourcecode.swift; path = ChatView.swift; sourceTree = "<group>"; };
		CE4634F32BFBB4900063142E /* ChatSyncService.swift */ = {isa = PBXFileReference; lastKnownFileType = sourcecode.swift; path = ChatSyncService.swift; sourceTree = "<group>"; };
		CE4634F52BFBB4D00063142E /* ChatsSidebar.swift */ = {isa = PBXFileReference; lastKnownFileType = sourcecode.swift; path = ChatsSidebar.swift; sourceTree = "<group>"; };
		CE6D8A7E2BF6DF1800A7934D /* RibbonView.swift */ = {isa = PBXFileReference; fileEncoding = 4; lastKnownFileType = sourcecode.swift; path = RibbonView.swift; sourceTree = "<group>"; };
		CE8229AE2BF7306000029DC2 /* JobsManagerService.swift */ = {isa = PBXFileReference; lastKnownFileType = sourcecode.swift; path = JobsManagerService.swift; sourceTree = "<group>"; };
		CE98674D2BF4047C008D6C41 /* Brokegen.app */ = {isa = PBXFileReference; explicitFileType = wrapper.application; includeInIndex = 0; path = Brokegen.app; sourceTree = BUILT_PRODUCTS_DIR; };
		CE9867502BF4047C008D6C41 /* BrokegenApp.swift */ = {isa = PBXFileReference; lastKnownFileType = sourcecode.swift; path = BrokegenApp.swift; sourceTree = "<group>"; };
		CE9867542BF4047E008D6C41 /* Assets.xcassets */ = {isa = PBXFileReference; lastKnownFileType = folder.assetcatalog; path = Assets.xcassets; sourceTree = "<group>"; };
		CE9867582BF4047E008D6C41 /* Preview Assets.xcassets */ = {isa = PBXFileReference; lastKnownFileType = folder.assetcatalog; path = "Preview Assets.xcassets"; sourceTree = "<group>"; };
		CE9867602BF414B3008D6C41 /* ManagedProcess.swift */ = {isa = PBXFileReference; lastKnownFileType = sourcecode.swift; path = ManagedProcess.swift; sourceTree = "<group>"; };
		CE9867622BF41954008D6C41 /* AppView.swift */ = {isa = PBXFileReference; lastKnownFileType = sourcecode.swift; path = AppView.swift; sourceTree = "<group>"; };
		CE9867642BF41A3E008D6C41 /* PlaceholderContentView.swift */ = {isa = PBXFileReference; lastKnownFileType = sourcecode.swift; path = PlaceholderContentView.swift; sourceTree = "<group>"; };
		CECA47A72BF6D5B8007A28F2 /* System.swift */ = {isa = PBXFileReference; lastKnownFileType = sourcecode.swift; path = System.swift; sourceTree = "<group>"; };
		CECA47A92BF6D62E007A28F2 /* SystemInfoView.swift */ = {isa = PBXFileReference; lastKnownFileType = sourcecode.swift; path = SystemInfoView.swift; sourceTree = "<group>"; };
		CEFEB4752BFDA67400334522 /* SimplePing.swift */ = {isa = PBXFileReference; lastKnownFileType = sourcecode.swift; path = SimplePing.swift; sourceTree = "<group>"; };
		CEFEB4772BFDA6C900334522 /* TimeJob.swift */ = {isa = PBXFileReference; lastKnownFileType = sourcecode.swift; path = TimeJob.swift; sourceTree = "<group>"; };
/* End PBXFileReference section */

/* Begin PBXFrameworksBuildPhase section */
		CE98674A2BF4047C008D6C41 /* Frameworks */ = {
			isa = PBXFrameworksBuildPhase;
			buildActionMask = 2147483647;
			files = (
				CEFEB47E2BFE399500334522 /* SwiftTerm in Frameworks */,
				CEFEB47B2BFDAABC00334522 /* AlamofireDynamic in Frameworks */,
			);
			runOnlyForDeploymentPostprocessing = 0;
		};
/* End PBXFrameworksBuildPhase section */

/* Begin PBXGroup section */
		CE4634DC2BF937020063142E /* JobsManager */ = {
			isa = PBXGroup;
			children = (
				CE8229AE2BF7306000029DC2 /* JobsManagerService.swift */,
				CE4634DD2BF937320063142E /* JobsSidebar.swift */,
				CE4634E62BFA6A050063142E /* JobsSidebarItem.swift */,
			);
			path = JobsManager;
			sourceTree = "<group>";
		};
		CE4634E32BFA5EE10063142E /* Processes */ = {
			isa = PBXGroup;
			children = (
				CE4634E42BFA5F890063142E /* SimpleProcess.swift */,
				CE9867602BF414B3008D6C41 /* ManagedProcess.swift */,
				CE4634EC2BFAE3020063142E /* RestartableProcess.swift */,
			);
			path = Processes;
			sourceTree = "<group>";
		};
		CE4634F02BFBB4560063142E /* History */ = {
			isa = PBXGroup;
			children = (
				CE4634F32BFBB4900063142E /* ChatSyncService.swift */,
				CE4634F12BFBB4730063142E /* ChatView.swift */,
				CE4634F52BFBB4D00063142E /* ChatsSidebar.swift */,
			);
			path = History;
			sourceTree = "<group>";
		};
		CE9867442BF4047C008D6C41 = {
			isa = PBXGroup;
			children = (
				CE4634E82BFA71E10063142E /* brokegen-ollama-proxy */,
				CE4634EA2BFA71E70063142E /* brokegen-server */,
				CE98674F2BF4047C008D6C41 /* Brokegen */,
				CE98674E2BF4047C008D6C41 /* Products */,
			);
			sourceTree = "<group>";
		};
		CE98674E2BF4047C008D6C41 /* Products */ = {
			isa = PBXGroup;
			children = (
				CE98674D2BF4047C008D6C41 /* Brokegen.app */,
			);
			name = Products;
			sourceTree = "<group>";
		};
		CE98674F2BF4047C008D6C41 /* Brokegen */ = {
			isa = PBXGroup;
			children = (
				CE4634F02BFBB4560063142E /* History */,
				CE98675F2BF4149F008D6C41 /* Jobs */,
				CE4634DC2BF937020063142E /* JobsManager */,
				CECA47A62BF6D59A007A28F2 /* Performance */,
				CE9867502BF4047C008D6C41 /* BrokegenApp.swift */,
				CE9867622BF41954008D6C41 /* AppView.swift */,
				CE9867642BF41A3E008D6C41 /* PlaceholderContentView.swift */,
				CE9867542BF4047E008D6C41 /* Assets.xcassets */,
				CE9867572BF4047E008D6C41 /* Preview Content */,
			);
			path = Brokegen;
			sourceTree = "<group>";
		};
		CE9867572BF4047E008D6C41 /* Preview Content */ = {
			isa = PBXGroup;
			children = (
				CE9867582BF4047E008D6C41 /* Preview Assets.xcassets */,
			);
			path = "Preview Content";
			sourceTree = "<group>";
		};
		CE98675F2BF4149F008D6C41 /* Jobs */ = {
			isa = PBXGroup;
			children = (
				CE4634DF2BF963210063142E /* BaseJob.swift */,
				CE4634E12BF97A180063142E /* JobOutputView.swift */,
				CE6D8A7E2BF6DF1800A7934D /* RibbonView.swift */,
				CE4634E32BFA5EE10063142E /* Processes */,
				CEFEB4742BFDA5FB00334522 /* Monitors */,
				CE4634EE2BFAFA340063142E /* StayAwakeService.swift */,
				CEFEB4772BFDA6C900334522 /* TimeJob.swift */,
			);
			path = Jobs;
			sourceTree = "<group>";
		};
		CECA47A62BF6D59A007A28F2 /* Performance */ = {
			isa = PBXGroup;
			children = (
				CECA47A72BF6D5B8007A28F2 /* System.swift */,
				CECA47A92BF6D62E007A28F2 /* SystemInfoView.swift */,
			);
			path = Performance;
			sourceTree = "<group>";
		};
		CEFEB4742BFDA5FB00334522 /* Monitors */ = {
			isa = PBXGroup;
			children = (
				CEFEB4752BFDA67400334522 /* SimplePing.swift */,
			);
			path = Monitors;
			sourceTree = "<group>";
		};
/* End PBXGroup section */

/* Begin PBXNativeTarget section */
		CE98674C2BF4047C008D6C41 /* Brokegen */ = {
			isa = PBXNativeTarget;
			buildConfigurationList = CE98675C2BF4047E008D6C41 /* Build configuration list for PBXNativeTarget "Brokegen" */;
			buildPhases = (
				CE9867492BF4047C008D6C41 /* Sources */,
				CE98674A2BF4047C008D6C41 /* Frameworks */,
				CE98674B2BF4047C008D6C41 /* Resources */,
			);
			buildRules = (
			);
			dependencies = (
			);
			name = Brokegen;
			packageProductDependencies = (
				CEFEB47A2BFDAABC00334522 /* AlamofireDynamic */,
				CEFEB47D2BFE399500334522 /* SwiftTerm */,
			);
			productName = Brokegen;
			productReference = CE98674D2BF4047C008D6C41 /* Brokegen.app */;
			productType = "com.apple.product-type.application";
		};
/* End PBXNativeTarget section */

/* Begin PBXProject section */
		CE9867452BF4047C008D6C41 /* Project object */ = {
			isa = PBXProject;
			attributes = {
				BuildIndependentTargetsInParallel = 1;
				LastSwiftUpdateCheck = 1520;
				LastUpgradeCheck = 1520;
				TargetAttributes = {
					CE98674C2BF4047C008D6C41 = {
						CreatedOnToolsVersion = 15.2;
					};
				};
			};
			buildConfigurationList = CE9867482BF4047C008D6C41 /* Build configuration list for PBXProject "Brokegen" */;
			compatibilityVersion = "Xcode 14.0";
			developmentRegion = en;
			hasScannedForEncodings = 0;
			knownRegions = (
				en,
				Base,
			);
			mainGroup = CE9867442BF4047C008D6C41;
			packageReferences = (
				CEFEB4792BFDAABC00334522 /* XCRemoteSwiftPackageReference "Alamofire" */,
				CEFEB47C2BFE399500334522 /* XCRemoteSwiftPackageReference "SwiftTerm" */,
			);
			productRefGroup = CE98674E2BF4047C008D6C41 /* Products */;
			projectDirPath = "";
			projectRoot = "";
			targets = (
				CE98674C2BF4047C008D6C41 /* Brokegen */,
			);
		};
/* End PBXProject section */

/* Begin PBXResourcesBuildPhase section */
		CE98674B2BF4047C008D6C41 /* Resources */ = {
			isa = PBXResourcesBuildPhase;
			buildActionMask = 2147483647;
			files = (
				CE4634EB2BFA71E70063142E /* brokegen-server in Resources */,
				CE4634E92BFA71E10063142E /* brokegen-ollama-proxy in Resources */,
				CE9867592BF4047E008D6C41 /* Preview Assets.xcassets in Resources */,
				CE9867552BF4047E008D6C41 /* Assets.xcassets in Resources */,
			);
			runOnlyForDeploymentPostprocessing = 0;
		};
/* End PBXResourcesBuildPhase section */

/* Begin PBXSourcesBuildPhase section */
		CE9867492BF4047C008D6C41 /* Sources */ = {
			isa = PBXSourcesBuildPhase;
			buildActionMask = 2147483647;
			files = (
				CE4634E72BFA6A050063142E /* JobsSidebarItem.swift in Sources */,
				CE6D8A7F2BF6DF1800A7934D /* RibbonView.swift in Sources */,
				CECA47AA2BF6D62E007A28F2 /* SystemInfoView.swift in Sources */,
				CEFEB4762BFDA67400334522 /* SimplePing.swift in Sources */,
				CE4634DE2BF937320063142E /* JobsSidebar.swift in Sources */,
				CE4634F22BFBB4730063142E /* ChatView.swift in Sources */,
				CE9867632BF41954008D6C41 /* AppView.swift in Sources */,
				CE4634F62BFBB4D00063142E /* ChatsSidebar.swift in Sources */,
				CE9867652BF41A3E008D6C41 /* PlaceholderContentView.swift in Sources */,
				CE8229AF2BF7306000029DC2 /* JobsManagerService.swift in Sources */,
				CEFEB4782BFDA6C900334522 /* TimeJob.swift in Sources */,
				CE4634ED2BFAE3020063142E /* RestartableProcess.swift in Sources */,
				CE4634F42BFBB4900063142E /* ChatSyncService.swift in Sources */,
				CE4634EF2BFAFA340063142E /* StayAwakeService.swift in Sources */,
				CE9867512BF4047C008D6C41 /* BrokegenApp.swift in Sources */,
				CECA47A82BF6D5B8007A28F2 /* System.swift in Sources */,
				CE4634E22BF97A180063142E /* JobOutputView.swift in Sources */,
				CE9867612BF414B3008D6C41 /* ManagedProcess.swift in Sources */,
				CE4634E52BFA5F890063142E /* SimpleProcess.swift in Sources */,
				CE4634E02BF963210063142E /* BaseJob.swift in Sources */,
			);
			runOnlyForDeploymentPostprocessing = 0;
		};
/* End PBXSourcesBuildPhase section */

/* Begin XCBuildConfiguration section */
		CE98675A2BF4047E008D6C41 /* Debug */ = {
			isa = XCBuildConfiguration;
			buildSettings = {
				ALWAYS_SEARCH_USER_PATHS = NO;
				ASSETCATALOG_COMPILER_GENERATE_SWIFT_ASSET_SYMBOL_EXTENSIONS = YES;
				CLANG_ANALYZER_NONNULL = YES;
				CLANG_ANALYZER_NUMBER_OBJECT_CONVERSION = YES_AGGRESSIVE;
				CLANG_CXX_LANGUAGE_STANDARD = "gnu++20";
				CLANG_ENABLE_MODULES = YES;
				CLANG_ENABLE_OBJC_ARC = YES;
				CLANG_ENABLE_OBJC_WEAK = YES;
				CLANG_WARN_BLOCK_CAPTURE_AUTORELEASING = YES;
				CLANG_WARN_BOOL_CONVERSION = YES;
				CLANG_WARN_COMMA = YES;
				CLANG_WARN_CONSTANT_CONVERSION = YES;
				CLANG_WARN_DEPRECATED_OBJC_IMPLEMENTATIONS = YES;
				CLANG_WARN_DIRECT_OBJC_ISA_USAGE = YES_ERROR;
				CLANG_WARN_DOCUMENTATION_COMMENTS = YES;
				CLANG_WARN_EMPTY_BODY = YES;
				CLANG_WARN_ENUM_CONVERSION = YES;
				CLANG_WARN_INFINITE_RECURSION = YES;
				CLANG_WARN_INT_CONVERSION = YES;
				CLANG_WARN_NON_LITERAL_NULL_CONVERSION = YES;
				CLANG_WARN_OBJC_IMPLICIT_RETAIN_SELF = YES;
				CLANG_WARN_OBJC_LITERAL_CONVERSION = YES;
				CLANG_WARN_OBJC_ROOT_CLASS = YES_ERROR;
				CLANG_WARN_QUOTED_INCLUDE_IN_FRAMEWORK_HEADER = YES;
				CLANG_WARN_RANGE_LOOP_ANALYSIS = YES;
				CLANG_WARN_STRICT_PROTOTYPES = YES;
				CLANG_WARN_SUSPICIOUS_MOVE = YES;
				CLANG_WARN_UNGUARDED_AVAILABILITY = YES_AGGRESSIVE;
				CLANG_WARN_UNREACHABLE_CODE = YES;
				CLANG_WARN__DUPLICATE_METHOD_MATCH = YES;
				COPY_PHASE_STRIP = NO;
				DEBUG_INFORMATION_FORMAT = dwarf;
				ENABLE_STRICT_OBJC_MSGSEND = YES;
				ENABLE_TESTABILITY = YES;
				ENABLE_USER_SCRIPT_SANDBOXING = YES;
				GCC_C_LANGUAGE_STANDARD = gnu17;
				GCC_DYNAMIC_NO_PIC = NO;
				GCC_NO_COMMON_BLOCKS = YES;
				GCC_OPTIMIZATION_LEVEL = 0;
				GCC_PREPROCESSOR_DEFINITIONS = (
					"DEBUG=1",
					"$(inherited)",
				);
				GCC_WARN_64_TO_32_BIT_CONVERSION = YES;
				GCC_WARN_ABOUT_RETURN_TYPE = YES_ERROR;
				GCC_WARN_UNDECLARED_SELECTOR = YES;
				GCC_WARN_UNINITIALIZED_AUTOS = YES_AGGRESSIVE;
				GCC_WARN_UNUSED_FUNCTION = YES;
				GCC_WARN_UNUSED_VARIABLE = YES;
				LOCALIZATION_PREFERS_STRING_CATALOGS = YES;
				MTL_ENABLE_DEBUG_INFO = INCLUDE_SOURCE;
				MTL_FAST_MATH = YES;
				ONLY_ACTIVE_ARCH = YES;
				SWIFT_ACTIVE_COMPILATION_CONDITIONS = "DEBUG $(inherited)";
				SWIFT_OPTIMIZATION_LEVEL = "-Onone";
			};
			name = Debug;
		};
		CE98675B2BF4047E008D6C41 /* Release */ = {
			isa = XCBuildConfiguration;
			buildSettings = {
				ALWAYS_SEARCH_USER_PATHS = NO;
				ASSETCATALOG_COMPILER_GENERATE_SWIFT_ASSET_SYMBOL_EXTENSIONS = YES;
				CLANG_ANALYZER_NONNULL = YES;
				CLANG_ANALYZER_NUMBER_OBJECT_CONVERSION = YES_AGGRESSIVE;
				CLANG_CXX_LANGUAGE_STANDARD = "gnu++20";
				CLANG_ENABLE_MODULES = YES;
				CLANG_ENABLE_OBJC_ARC = YES;
				CLANG_ENABLE_OBJC_WEAK = YES;
				CLANG_WARN_BLOCK_CAPTURE_AUTORELEASING = YES;
				CLANG_WARN_BOOL_CONVERSION = YES;
				CLANG_WARN_COMMA = YES;
				CLANG_WARN_CONSTANT_CONVERSION = YES;
				CLANG_WARN_DEPRECATED_OBJC_IMPLEMENTATIONS = YES;
				CLANG_WARN_DIRECT_OBJC_ISA_USAGE = YES_ERROR;
				CLANG_WARN_DOCUMENTATION_COMMENTS = YES;
				CLANG_WARN_EMPTY_BODY = YES;
				CLANG_WARN_ENUM_CONVERSION = YES;
				CLANG_WARN_INFINITE_RECURSION = YES;
				CLANG_WARN_INT_CONVERSION = YES;
				CLANG_WARN_NON_LITERAL_NULL_CONVERSION = YES;
				CLANG_WARN_OBJC_IMPLICIT_RETAIN_SELF = YES;
				CLANG_WARN_OBJC_LITERAL_CONVERSION = YES;
				CLANG_WARN_OBJC_ROOT_CLASS = YES_ERROR;
				CLANG_WARN_QUOTED_INCLUDE_IN_FRAMEWORK_HEADER = YES;
				CLANG_WARN_RANGE_LOOP_ANALYSIS = YES;
				CLANG_WARN_STRICT_PROTOTYPES = YES;
				CLANG_WARN_SUSPICIOUS_MOVE = YES;
				CLANG_WARN_UNGUARDED_AVAILABILITY = YES_AGGRESSIVE;
				CLANG_WARN_UNREACHABLE_CODE = YES;
				CLANG_WARN__DUPLICATE_METHOD_MATCH = YES;
				COPY_PHASE_STRIP = NO;
				DEBUG_INFORMATION_FORMAT = "dwarf-with-dsym";
				ENABLE_NS_ASSERTIONS = NO;
				ENABLE_STRICT_OBJC_MSGSEND = YES;
				ENABLE_USER_SCRIPT_SANDBOXING = YES;
				GCC_C_LANGUAGE_STANDARD = gnu17;
				GCC_NO_COMMON_BLOCKS = YES;
				GCC_WARN_64_TO_32_BIT_CONVERSION = YES;
				GCC_WARN_ABOUT_RETURN_TYPE = YES_ERROR;
				GCC_WARN_UNDECLARED_SELECTOR = YES;
				GCC_WARN_UNINITIALIZED_AUTOS = YES_AGGRESSIVE;
				GCC_WARN_UNUSED_FUNCTION = YES;
				GCC_WARN_UNUSED_VARIABLE = YES;
				LOCALIZATION_PREFERS_STRING_CATALOGS = YES;
				MTL_ENABLE_DEBUG_INFO = NO;
				MTL_FAST_MATH = YES;
				SWIFT_COMPILATION_MODE = wholemodule;
			};
			name = Release;
		};
		CE98675D2BF4047E008D6C41 /* Debug */ = {
			isa = XCBuildConfiguration;
			buildSettings = {
				ASSETCATALOG_COMPILER_APPICON_NAME = AppIcon;
				ASSETCATALOG_COMPILER_GLOBAL_ACCENT_COLOR_NAME = AccentColor;
				CODE_SIGN_ENTITLEMENTS = Brokegen/Brokegen.entitlements;
				CODE_SIGN_IDENTITY = "";
				CODE_SIGN_STYLE = Manual;
				CURRENT_PROJECT_VERSION = 1;
				DEVELOPMENT_ASSET_PATHS = "\"Brokegen/Preview Content\"";
				DEVELOPMENT_TEAM = "";
				ENABLE_PREVIEWS = YES;
				GENERATE_INFOPLIST_FILE = YES;
				"INFOPLIST_KEY_UIApplicationSceneManifest_Generation[sdk=iphoneos*]" = YES;
				"INFOPLIST_KEY_UIApplicationSceneManifest_Generation[sdk=iphonesimulator*]" = YES;
				"INFOPLIST_KEY_UIApplicationSupportsIndirectInputEvents[sdk=iphoneos*]" = YES;
				"INFOPLIST_KEY_UIApplicationSupportsIndirectInputEvents[sdk=iphonesimulator*]" = YES;
				"INFOPLIST_KEY_UILaunchScreen_Generation[sdk=iphoneos*]" = YES;
				"INFOPLIST_KEY_UILaunchScreen_Generation[sdk=iphonesimulator*]" = YES;
				"INFOPLIST_KEY_UIStatusBarStyle[sdk=iphoneos*]" = UIStatusBarStyleDefault;
				"INFOPLIST_KEY_UIStatusBarStyle[sdk=iphonesimulator*]" = UIStatusBarStyleDefault;
				INFOPLIST_KEY_UISupportedInterfaceOrientations_iPad = "UIInterfaceOrientationPortrait UIInterfaceOrientationPortraitUpsideDown UIInterfaceOrientationLandscapeLeft UIInterfaceOrientationLandscapeRight";
				INFOPLIST_KEY_UISupportedInterfaceOrientations_iPhone = "UIInterfaceOrientationPortrait UIInterfaceOrientationLandscapeLeft UIInterfaceOrientationLandscapeRight";
				IPHONEOS_DEPLOYMENT_TARGET = 17.2;
				LD_RUNPATH_SEARCH_PATHS = "@executable_path/Frameworks";
				"LD_RUNPATH_SEARCH_PATHS[sdk=macosx*]" = "@executable_path/../Frameworks";
				MACOSX_DEPLOYMENT_TARGET = 14.2;
				MARKETING_VERSION = 0.4;
				PRODUCT_BUNDLE_IDENTIFIER = faux.brokegen;
				PRODUCT_NAME = "$(TARGET_NAME)";
				PROVISIONING_PROFILE_SPECIFIER = "";
				SDKROOT = auto;
				SUPPORTED_PLATFORMS = "iphoneos iphonesimulator macosx";
				SWIFT_EMIT_LOC_STRINGS = YES;
				SWIFT_VERSION = 5.0;
				TARGETED_DEVICE_FAMILY = "1,2";
			};
			name = Debug;
		};
		CE98675E2BF4047E008D6C41 /* Release */ = {
			isa = XCBuildConfiguration;
			buildSettings = {
				ASSETCATALOG_COMPILER_APPICON_NAME = AppIcon;
				ASSETCATALOG_COMPILER_GLOBAL_ACCENT_COLOR_NAME = AccentColor;
				CODE_SIGN_ENTITLEMENTS = Brokegen/Brokegen.entitlements;
				CODE_SIGN_IDENTITY = "";
				CODE_SIGN_STYLE = Manual;
				CURRENT_PROJECT_VERSION = 1;
				DEVELOPMENT_ASSET_PATHS = "\"Brokegen/Preview Content\"";
				DEVELOPMENT_TEAM = "";
				ENABLE_PREVIEWS = YES;
				GENERATE_INFOPLIST_FILE = YES;
				"INFOPLIST_KEY_UIApplicationSceneManifest_Generation[sdk=iphoneos*]" = YES;
				"INFOPLIST_KEY_UIApplicationSceneManifest_Generation[sdk=iphonesimulator*]" = YES;
				"INFOPLIST_KEY_UIApplicationSupportsIndirectInputEvents[sdk=iphoneos*]" = YES;
				"INFOPLIST_KEY_UIApplicationSupportsIndirectInputEvents[sdk=iphonesimulator*]" = YES;
				"INFOPLIST_KEY_UILaunchScreen_Generation[sdk=iphoneos*]" = YES;
				"INFOPLIST_KEY_UILaunchScreen_Generation[sdk=iphonesimulator*]" = YES;
				"INFOPLIST_KEY_UIStatusBarStyle[sdk=iphoneos*]" = UIStatusBarStyleDefault;
				"INFOPLIST_KEY_UIStatusBarStyle[sdk=iphonesimulator*]" = UIStatusBarStyleDefault;
				INFOPLIST_KEY_UISupportedInterfaceOrientations_iPad = "UIInterfaceOrientationPortrait UIInterfaceOrientationPortraitUpsideDown UIInterfaceOrientationLandscapeLeft UIInterfaceOrientationLandscapeRight";
				INFOPLIST_KEY_UISupportedInterfaceOrientations_iPhone = "UIInterfaceOrientationPortrait UIInterfaceOrientationLandscapeLeft UIInterfaceOrientationLandscapeRight";
				IPHONEOS_DEPLOYMENT_TARGET = 17.2;
				LD_RUNPATH_SEARCH_PATHS = "@executable_path/Frameworks";
				"LD_RUNPATH_SEARCH_PATHS[sdk=macosx*]" = "@executable_path/../Frameworks";
				MACOSX_DEPLOYMENT_TARGET = 14.2;
				MARKETING_VERSION = 0.4;
				PRODUCT_BUNDLE_IDENTIFIER = faux.brokegen;
				PRODUCT_NAME = "$(TARGET_NAME)";
				PROVISIONING_PROFILE_SPECIFIER = "";
				SDKROOT = auto;
				SUPPORTED_PLATFORMS = "iphoneos iphonesimulator macosx";
				SWIFT_EMIT_LOC_STRINGS = YES;
				SWIFT_VERSION = 5.0;
				TARGETED_DEVICE_FAMILY = "1,2";
			};
			name = Release;
		};
/* End XCBuildConfiguration section */

/* Begin XCConfigurationList section */
		CE9867482BF4047C008D6C41 /* Build configuration list for PBXProject "Brokegen" */ = {
			isa = XCConfigurationList;
			buildConfigurations = (
				CE98675A2BF4047E008D6C41 /* Debug */,
				CE98675B2BF4047E008D6C41 /* Release */,
			);
			defaultConfigurationIsVisible = 0;
			defaultConfigurationName = Release;
		};
		CE98675C2BF4047E008D6C41 /* Build configuration list for PBXNativeTarget "Brokegen" */ = {
			isa = XCConfigurationList;
			buildConfigurations = (
				CE98675D2BF4047E008D6C41 /* Debug */,
				CE98675E2BF4047E008D6C41 /* Release */,
			);
			defaultConfigurationIsVisible = 0;
			defaultConfigurationName = Release;
		};
/* End XCConfigurationList section */

/* Begin XCRemoteSwiftPackageReference section */
		CEFEB4792BFDAABC00334522 /* XCRemoteSwiftPackageReference "Alamofire" */ = {
			isa = XCRemoteSwiftPackageReference;
			repositoryURL = "https://github.com/Alamofire/Alamofire.git";
			requirement = {
				kind = upToNextMajorVersion;
				minimumVersion = 5.9.1;
			};
		};
		CEFEB47C2BFE399500334522 /* XCRemoteSwiftPackageReference "SwiftTerm" */ = {
			isa = XCRemoteSwiftPackageReference;
			repositoryURL = "https://github.com/migueldeicaza/SwiftTerm";
			requirement = {
				kind = upToNextMajorVersion;
				minimumVersion = 1.2.5;
			};
		};
/* End XCRemoteSwiftPackageReference section */

/* Begin XCSwiftPackageProductDependency section */
		CEFEB47A2BFDAABC00334522 /* AlamofireDynamic */ = {
			isa = XCSwiftPackageProductDependency;
			package = CEFEB4792BFDAABC00334522 /* XCRemoteSwiftPackageReference "Alamofire" */;
			productName = AlamofireDynamic;
		};
		CEFEB47D2BFE399500334522 /* SwiftTerm */ = {
			isa = XCSwiftPackageProductDependency;
			package = CEFEB47C2BFE399500334522 /* XCRemoteSwiftPackageReference "SwiftTerm" */;
			productName = SwiftTerm;
		};
/* End XCSwiftPackageProductDependency section */
	};
	rootObject = CE9867452BF4047C008D6C41 /* Project object */;
}
